
Microsoft Visual Studio Solution File, Format Version 12.00
# Visual Studio Version 17
VisualStudioVersion = 17.10.35122.118
MinimumVisualStudioVersion = 10.0.40219.1
Project("{9A19103F-16F7-4668-BE54-9A1E7A4F7556}") = "PROJ_API_N_NDORO", "PROJ_API_N_NDORO.csproj", "{0BA4753B-8F3A-437D-AC0A-21A037406983}"
EndProject
Global
	GlobalSection(SolutionConfigurationPlatforms) = preSolution
		Debug|Any CPU = Debug|Any CPU
		Release|Any CPU = Release|Any CPU
	EndGlobalSection
	GlobalSection(ProjectConfigurationPlatforms) = postSolution
		{0BA4753B-8F3A-437D-AC0A-21A037406983}.Debug|Any CPU.ActiveCfg = Debug|Any CPU
		{0BA4753B-8F3A-437D-AC0A-21A037406983}.Debug|Any CPU.Build.0 = Debug|Any CPU
		{0BA4753B-8F3A-437D-AC0A-21A037406983}.Release|Any CPU.ActiveCfg = Release|Any CPU
		{0BA4753B-8F3A-437D-AC0A-21A037406983}.Release|Any CPU.Build.0 = Release|Any CPU
	EndGlobalSection
	GlobalSection(SolutionProperties) = preSolution
		HideSolutionNode = FALSE
	EndGlobalSection
	GlobalSection(ExtensibilityGlobals) = postSolution
		SolutionGuid = {DFB7233B-2792-4EE2-B44A-0D0B5195234C}
	EndGlobalSection
EndGlobal
